
Microsoft Visual Studio Solution File, Format Version 12.00
# Visual Studio Version 17
VisualStudioVersion = 17.0.32014.148
MinimumVisualStudioVersion = 10.0.40219.1
Project("{FAE04EC0-301F-11D3-BF4B-00C04F79EFBC}") = "ConsoleApp1", "ConsoleApp1\ConsoleApp1.csproj", "{095367D1-51E4-4A5C-AD0D-9527F281A13B}"
EndProject
Global
	GlobalSection(SolutionConfigurationPlatforms) = preSolution
		Debug|Any CPU = Debug|Any CPU
		Release|Any CPU = Release|Any CPU
	EndGlobalSection
	GlobalSection(ProjectConfigurationPlatforms) = postSolution
		{095367D1-51E4-4A5C-AD0D-9527F281A13B}.Debug|Any CPU.ActiveCfg = Debug|Any CPU
		{095367D1-51E4-4A5C-AD0D-9527F281A13B}.Debug|Any CPU.Build.0 = Debug|Any CPU
		{095367D1-51E4-4A5C-AD0D-9527F281A13B}.Release|Any CPU.ActiveCfg = Release|Any CPU
		{095367D1-51E4-4A5C-AD0D-9527F281A13B}.Release|Any CPU.Build.0 = Release|Any CPU
	EndGlobalSection
	GlobalSection(SolutionProperties) = preSolution
		HideSolutionNode = FALSE
	EndGlobalSection
	GlobalSection(ExtensibilityGlobals) = postSolution
		SolutionGuid = {59FBB535-22E0-41AD-BCFB-6B364FB9107D}
	EndGlobalSection
EndGlobal
